
Microsoft Visual Studio Solution File, Format Version 12.00
# Visual Studio 14
VisualStudioVersion = 14.0.24720.0
MinimumVisualStudioVersion = 10.0.40219.1
Project("{8BC9CEB8-8B4A-11D0-8D11-00A0C91BC942}") = "OGWrapper", "OGWrapper\OGWrapper.vcxproj", "{7EA5D2F0-4153-434B-BCB2-6AA112D37460}"
EndProject
Project("{8BC9CEB8-8B4A-11D0-8D11-00A0C91BC942}") = "ogdf", "..\..\..\..\..\..\OGDF\OGDF\ogdf.vcxproj", "{7801D1BE-E2FE-476B-A4B4-5D27F387F479}"
EndProject
Global
	GlobalSection(SolutionConfigurationPlatforms) = preSolution
		Debug|x64 = Debug|x64
		Debug|x86 = Debug|x86
		Release|x64 = Release|x64
		Release|x86 = Release|x86
	EndGlobalSection
	GlobalSection(ProjectConfigurationPlatforms) = postSolution
		{7EA5D2F0-4153-434B-BCB2-6AA112D37460}.Debug|x64.ActiveCfg = Debug|x64
		{7EA5D2F0-4153-434B-BCB2-6AA112D37460}.Debug|x64.Build.0 = Debug|x64
		{7EA5D2F0-4153-434B-BCB2-6AA112D37460}.Debug|x86.ActiveCfg = Debug|Win32
		{7EA5D2F0-4153-434B-BCB2-6AA112D37460}.Debug|x86.Build.0 = Debug|Win32
		{7EA5D2F0-4153-434B-BCB2-6AA112D37460}.Release|x64.ActiveCfg = Release|x64
		{7EA5D2F0-4153-434B-BCB2-6AA112D37460}.Release|x64.Build.0 = Release|x64
		{7EA5D2F0-4153-434B-BCB2-6AA112D37460}.Release|x86.ActiveCfg = Release|Win32
		{7EA5D2F0-4153-434B-BCB2-6AA112D37460}.Release|x86.Build.0 = Release|Win32
		{7801D1BE-E2FE-476B-A4B4-5D27F387F479}.Debug|x64.ActiveCfg = Debug|x64
		{7801D1BE-E2FE-476B-A4B4-5D27F387F479}.Debug|x64.Build.0 = Debug|x64
		{7801D1BE-E2FE-476B-A4B4-5D27F387F479}.Debug|x86.ActiveCfg = Debug|Win32
		{7801D1BE-E2FE-476B-A4B4-5D27F387F479}.Debug|x86.Build.0 = Debug|Win32
		{7801D1BE-E2FE-476B-A4B4-5D27F387F479}.Release|x64.ActiveCfg = Release|x64
		{7801D1BE-E2FE-476B-A4B4-5D27F387F479}.Release|x64.Build.0 = Release|x64
		{7801D1BE-E2FE-476B-A4B4-5D27F387F479}.Release|x86.ActiveCfg = Release|Win32
		{7801D1BE-E2FE-476B-A4B4-5D27F387F479}.Release|x86.Build.0 = Release|Win32
	EndGlobalSection
	GlobalSection(SolutionProperties) = preSolution
		HideSolutionNode = FALSE
	EndGlobalSection
EndGlobal
